{
  "originHash" : "4971e98ed996b39a2051987bac4cab67df0ede868767508d6e2150e4384f76a3",
  "pins" : [
    {
      "identity" : "swiftlintplugins",
      "kind" : "remoteSourceControl",
      "location" : "https://github.com/SimplyDanny/SwiftLintPlugins",
      "state" : {
        "revision" : "7a3d77f3dd9f91d5cea138e52c20cfceabf352de",
        "version" : "0.58.2"
      }
    },
    {
      "identity" : "viewinspector",
      "kind" : "remoteSourceControl",
      "location" : "https://github.com/nalexn/ViewInspector",
      "state" : {
        "revision" : "788e7879d38a839c4e348ab0762dcc0364e646a2",
        "version" : "0.10.1"
      }
    }
  ],
  "version" : 3
}
