// !$*UTF8*$!
{
	archiveVersion = 1;
	classes = {
	};
	objectVersion = 77;
	objects = {

/* Begin PBXBuildFile section */
		B0A6E5482D54EF4100DB2DDE /* dev.xcconfig in Resources */ = {isa = PBXBuildFile; fileRef = B0A6E5472D54EF4100DB2DDE /* dev.xcconfig */; };
		B0A6E54A2D54EF4A00DB2DDE /* prod.xcconfig in Resources */ = {isa = PBXBuildFile; fileRef = B0A6E5492D54EF4A00DB2DDE /* prod.xcconfig */; };
		CCD8884C2D63F5CA00F5B109 /* ViewInspector in Frameworks */ = {isa = PBXBuildFile; productRef = CCD8884B2D63F5CA00F5B109 /* ViewInspector */; };
/* End PBXBuildFile section */

/* Begin PBXContainerItemProxy section */
		D1B300662D5D169E00C3F090 /* PBXContainerItemProxy */ = {
			isa = PBXContainerItemProxy;
			containerPortal = 276AD24D2D4103D200001426 /* Project object */;
			proxyType = 1;
			remoteGlobalIDString = 276AD2542D4103D200001426;
			remoteInfo = ParrotIos;
		};
/* End PBXContainerItemProxy section */

/* Begin PBXCopyFilesBuildPhase section */
		713413542D5244F3008A4B80 /* Embed ExtensionKit Extensions */ = {
			isa = PBXCopyFilesBuildPhase;
			buildActionMask = 2147483647;
			dstPath = "$(EXTENSIONS_FOLDER_PATH)";
			dstSubfolderSpec = 16;
			files = (
			);
			name = "Embed ExtensionKit Extensions";
			runOnlyForDeploymentPostprocessing = 0;
		};
/* End PBXCopyFilesBuildPhase section */

/* Begin PBXFileReference section */
		276AD2552D4103D200001426 /* ParrotIos.app */ = {isa = PBXFileReference; explicitFileType = wrapper.application; includeInIndex = 0; path = ParrotIos.app; sourceTree = BUILT_PRODUCTS_DIR; };
		276AD2672D4103D400001426 /* ParrotIosTests.xctest */ = {isa = PBXFileReference; explicitFileType = wrapper.cfbundle; includeInIndex = 0; path = ParrotIosTests.xctest; sourceTree = BUILT_PRODUCTS_DIR; };
		B0A6E5472D54EF4100DB2DDE /* dev.xcconfig */ = {isa = PBXFileReference; lastKnownFileType = text.xcconfig; path = dev.xcconfig; sourceTree = "<group>"; };
		B0A6E5492D54EF4A00DB2DDE /* prod.xcconfig */ = {isa = PBXFileReference; lastKnownFileType = text.xcconfig; path = prod.xcconfig; sourceTree = "<group>"; };
		D13443152D5D0F7000F9B0A7 /* LoginView-ViewModel.swift */ = {isa = PBXFileReference; lastKnownFileType = sourcecode.swift; path = "LoginView-ViewModel.swift"; sourceTree = "<group>"; };
		D13443162D5D0F7000F9B0A7 /* SignupView-ViewModel.swift */ = {isa = PBXFileReference; lastKnownFileType = sourcecode.swift; path = "SignupView-ViewModel.swift"; sourceTree = "<group>"; };
		D13443182D5D0F7000F9B0A7 /* LoginView.swift */ = {isa = PBXFileReference; lastKnownFileType = sourcecode.swift; path = LoginView.swift; sourceTree = "<group>"; };
		D13443192D5D0F7000F9B0A7 /* SignupView.swift */ = {isa = PBXFileReference; lastKnownFileType = sourcecode.swift; path = SignupView.swift; sourceTree = "<group>"; };
		D134431C2D5D0F7000F9B0A7 /* AttemptResponse.swift */ = {isa = PBXFileReference; lastKnownFileType = sourcecode.swift; path = AttemptResponse.swift; sourceTree = "<group>"; };
		D134431D2D5D0F7000F9B0A7 /* AudioPlayer.swift */ = {isa = PBXFileReference; lastKnownFileType = sourcecode.swift; path = AudioPlayer.swift; sourceTree = "<group>"; };
		D134431E2D5D0F7000F9B0A7 /* AudioRecorder.swift */ = {isa = PBXFileReference; lastKnownFileType = sourcecode.swift; path = AudioRecorder.swift; sourceTree = "<group>"; };
		D134431F2D5D0F7000F9B0A7 /* Exercise.swift */ = {isa = PBXFileReference; lastKnownFileType = sourcecode.swift; path = Exercise.swift; sourceTree = "<group>"; };
		D13443202D5D0F7000F9B0A7 /* Phoneme.swift */ = {isa = PBXFileReference; lastKnownFileType = sourcecode.swift; path = Phoneme.swift; sourceTree = "<group>"; };
		D13443212D5D0F7000F9B0A7 /* Word.swift */ = {isa = PBXFileReference; lastKnownFileType = sourcecode.swift; path = Word.swift; sourceTree = "<group>"; };
		D13443232D5D0F7000F9B0A7 /* AttemptView-ViewModel.swift */ = {isa = PBXFileReference; lastKnownFileType = sourcecode.swift; path = "AttemptView-ViewModel.swift"; sourceTree = "<group>"; };
		D13443252D5D0F7000F9B0A7 /* AttemptView.swift */ = {isa = PBXFileReference; lastKnownFileType = sourcecode.swift; path = AttemptView.swift; sourceTree = "<group>"; };
		D13443282D5D0F7000F9B0A7 /* Leaderboard.swift */ = {isa = PBXFileReference; lastKnownFileType = sourcecode.swift; path = Leaderboard.swift; sourceTree = "<group>"; };
		D13443292D5D0F7000F9B0A7 /* LeaderboardResponse.swift */ = {isa = PBXFileReference; lastKnownFileType = sourcecode.swift; path = LeaderboardResponse.swift; sourceTree = "<group>"; };
		D134432A2D5D0F7000F9B0A7 /* User.swift */ = {isa = PBXFileReference; lastKnownFileType = sourcecode.swift; path = User.swift; sourceTree = "<group>"; };
		D134432C2D5D0F7000F9B0A7 /* LeaderboardView-ViewModel.swift */ = {isa = PBXFileReference; lastKnownFileType = sourcecode.swift; path = "LeaderboardView-ViewModel.swift"; sourceTree = "<group>"; };
		D134432E2D5D0F7000F9B0A7 /* LeaderboardView.swift */ = {isa = PBXFileReference; lastKnownFileType = sourcecode.swift; path = LeaderboardView.swift; sourceTree = "<group>"; };
		D13443312D5D0F7000F9B0A7 /* NavigationView.swift */ = {isa = PBXFileReference; lastKnownFileType = sourcecode.swift; path = NavigationView.swift; sourceTree = "<group>"; };
		D13443342D5D0F7000F9B0A7 /* Curriculum.swift */ = {isa = PBXFileReference; lastKnownFileType = sourcecode.swift; path = Curriculum.swift; sourceTree = "<group>"; };
		D13443352D5D0F7000F9B0A7 /* Lesson.swift */ = {isa = PBXFileReference; lastKnownFileType = sourcecode.swift; path = Lesson.swift; sourceTree = "<group>"; };
		D13443362D5D0F7000F9B0A7 /* Unit.swift */ = {isa = PBXFileReference; lastKnownFileType = sourcecode.swift; path = Unit.swift; sourceTree = "<group>"; };
		D13443382D5D0F7000F9B0A7 /* CurriculumView-ViewModel.swift */ = {isa = PBXFileReference; lastKnownFileType = sourcecode.swift; path = "CurriculumView-ViewModel.swift"; sourceTree = "<group>"; };
		D134433A2D5D0F7000F9B0A7 /* CurriculumView.swift */ = {isa = PBXFileReference; lastKnownFileType = sourcecode.swift; path = CurriculumView.swift; sourceTree = "<group>"; };
		D134433B2D5D0F7000F9B0A7 /* ListedLessonView.swift */ = {isa = PBXFileReference; lastKnownFileType = sourcecode.swift; path = ListedLessonView.swift; sourceTree = "<group>"; };
		D134433C2D5D0F7000F9B0A7 /* UnitView.swift */ = {isa = PBXFileReference; lastKnownFileType = sourcecode.swift; path = UnitView.swift; sourceTree = "<group>"; };
		D13443402D5D0F7000F9B0A7 /* Preview Assets.xcassets */ = {isa = PBXFileReference; lastKnownFileType = folder.assetcatalog; path = "Preview Assets.xcassets"; sourceTree = "<group>"; };
		D13443422D5D0F7000F9B0A7 /* AuthService.swift */ = {isa = PBXFileReference; lastKnownFileType = sourcecode.swift; path = AuthService.swift; sourceTree = "<group>"; };
		D13443432D5D0F7000F9B0A7 /* AuthServiceProtocol.swift */ = {isa = PBXFileReference; lastKnownFileType = sourcecode.swift; path = AuthServiceProtocol.swift; sourceTree = "<group>"; };
		D13443442D5D0F7000F9B0A7 /* KeychainManager.swift */ = {isa = PBXFileReference; lastKnownFileType = sourcecode.swift; path = KeychainManager.swift; sourceTree = "<group>"; };
		D13443452D5D0F7000F9B0A7 /* ParrotApiService.swift */ = {isa = PBXFileReference; lastKnownFileType = sourcecode.swift; path = ParrotApiService.swift; sourceTree = "<group>"; };
		D13443462D5D0F7000F9B0A7 /* WebService.swift */ = {isa = PBXFileReference; lastKnownFileType = sourcecode.swift; path = WebService.swift; sourceTree = "<group>"; };
		D13443472D5D0F7000F9B0A7 /* WebServiceProtocol.swift */ = {isa = PBXFileReference; lastKnownFileType = sourcecode.swift; path = WebServiceProtocol.swift; sourceTree = "<group>"; };
		D13443492D5D0F7000F9B0A7 /* Assets.xcassets */ = {isa = PBXFileReference; lastKnownFileType = folder.assetcatalog; path = Assets.xcassets; sourceTree = "<group>"; };
		D134434A2D5D0F7000F9B0A7 /* Info.plist */ = {isa = PBXFileReference; lastKnownFileType = text.plist.xml; path = Info.plist; sourceTree = "<group>"; };
		D134434B2D5D0F7000F9B0A7 /* ParrotIosApp.swift */ = {isa = PBXFileReference; lastKnownFileType = sourcecode.swift; path = ParrotIosApp.swift; sourceTree = "<group>"; };
		D1B300682D5D170700C3F090 /* LoginView-ViewModel.swift */ = {isa = PBXFileReference; lastKnownFileType = sourcecode.swift; path = "LoginView-ViewModel.swift"; sourceTree = "<group>"; };
		D1B300692D5D170700C3F090 /* SignupView-ViewModel.swift */ = {isa = PBXFileReference; lastKnownFileType = sourcecode.swift; path = "SignupView-ViewModel.swift"; sourceTree = "<group>"; };
		D1B3006B2D5D170700C3F090 /* LoginView.swift */ = {isa = PBXFileReference; lastKnownFileType = sourcecode.swift; path = LoginView.swift; sourceTree = "<group>"; };
		D1B3006C2D5D170700C3F090 /* SignupView.swift */ = {isa = PBXFileReference; lastKnownFileType = sourcecode.swift; path = SignupView.swift; sourceTree = "<group>"; };
		D1B3006F2D5D170700C3F090 /* AttemptResponse.swift */ = {isa = PBXFileReference; lastKnownFileType = sourcecode.swift; path = AttemptResponse.swift; sourceTree = "<group>"; };
		D1B300702D5D170700C3F090 /* AudioPlayer.swift */ = {isa = PBXFileReference; lastKnownFileType = sourcecode.swift; path = AudioPlayer.swift; sourceTree = "<group>"; };
		D1B300712D5D170700C3F090 /* AudioRecorder.swift */ = {isa = PBXFileReference; lastKnownFileType = sourcecode.swift; path = AudioRecorder.swift; sourceTree = "<group>"; };
		D1B300722D5D170700C3F090 /* Exercise.swift */ = {isa = PBXFileReference; lastKnownFileType = sourcecode.swift; path = Exercise.swift; sourceTree = "<group>"; };
		D1B300732D5D170700C3F090 /* Phoneme.swift */ = {isa = PBXFileReference; lastKnownFileType = sourcecode.swift; path = Phoneme.swift; sourceTree = "<group>"; };
		D1B300742D5D170700C3F090 /* Word.swift */ = {isa = PBXFileReference; lastKnownFileType = sourcecode.swift; path = Word.swift; sourceTree = "<group>"; };
		D1B300762D5D170700C3F090 /* AttemptView-ViewModel.swift */ = {isa = PBXFileReference; lastKnownFileType = sourcecode.swift; path = "AttemptView-ViewModel.swift"; sourceTree = "<group>"; };
		D1B300782D5D170700C3F090 /* AttemptView.swift */ = {isa = PBXFileReference; lastKnownFileType = sourcecode.swift; path = AttemptView.swift; sourceTree = "<group>"; };
		D1B3007B2D5D170700C3F090 /* Leaderboard.swift */ = {isa = PBXFileReference; lastKnownFileType = sourcecode.swift; path = Leaderboard.swift; sourceTree = "<group>"; };
		D1B3007C2D5D170700C3F090 /* LeaderboardResponse.swift */ = {isa = PBXFileReference; lastKnownFileType = sourcecode.swift; path = LeaderboardResponse.swift; sourceTree = "<group>"; };
		D1B3007D2D5D170700C3F090 /* User.swift */ = {isa = PBXFileReference; lastKnownFileType = sourcecode.swift; path = User.swift; sourceTree = "<group>"; };
		D1B3007F2D5D170700C3F090 /* LeaderboardView-ViewModel.swift */ = {isa = PBXFileReference; lastKnownFileType = sourcecode.swift; path = "LeaderboardView-ViewModel.swift"; sourceTree = "<group>"; };
		D1B300812D5D170700C3F090 /* LeaderboardView.swift */ = {isa = PBXFileReference; lastKnownFileType = sourcecode.swift; path = LeaderboardView.swift; sourceTree = "<group>"; };
		D1B300842D5D170700C3F090 /* NavigationView.swift */ = {isa = PBXFileReference; lastKnownFileType = sourcecode.swift; path = NavigationView.swift; sourceTree = "<group>"; };
		D1B300872D5D170700C3F090 /* Curriculum.swift */ = {isa = PBXFileReference; lastKnownFileType = sourcecode.swift; path = Curriculum.swift; sourceTree = "<group>"; };
		D1B300882D5D170700C3F090 /* ListedLesson.swift */ = {isa = PBXFileReference; lastKnownFileType = sourcecode.swift; path = ListedLesson.swift; sourceTree = "<group>"; };
		D1B300892D5D170700C3F090 /* Unit.swift */ = {isa = PBXFileReference; lastKnownFileType = sourcecode.swift; path = Unit.swift; sourceTree = "<group>"; };
		D1B3008B2D5D170700C3F090 /* CurriculumView-ViewModel.swift */ = {isa = PBXFileReference; lastKnownFileType = sourcecode.swift; path = "CurriculumView-ViewModel.swift"; sourceTree = "<group>"; };
		D1B3008D2D5D170700C3F090 /* CurriculumView.swift */ = {isa = PBXFileReference; lastKnownFileType = sourcecode.swift; path = CurriculumView.swift; sourceTree = "<group>"; };
		D1B3008E2D5D170700C3F090 /* LessonDetailView.swift */ = {isa = PBXFileReference; lastKnownFileType = sourcecode.swift; path = LessonDetailView.swift; sourceTree = "<group>"; };
		D1B3008F2D5D170700C3F090 /* UnitView.swift */ = {isa = PBXFileReference; lastKnownFileType = sourcecode.swift; path = UnitView.swift; sourceTree = "<group>"; };
		D1B300932D5D170700C3F090 /* Preview Assets.xcassets */ = {isa = PBXFileReference; lastKnownFileType = folder.assetcatalog; path = "Preview Assets.xcassets"; sourceTree = "<group>"; };
		D1B300952D5D170700C3F090 /* AuthService.swift */ = {isa = PBXFileReference; lastKnownFileType = sourcecode.swift; path = AuthService.swift; sourceTree = "<group>"; };
		D1B300962D5D170700C3F090 /* AuthServiceProtocol.swift */ = {isa = PBXFileReference; lastKnownFileType = sourcecode.swift; path = AuthServiceProtocol.swift; sourceTree = "<group>"; };
		D1B300972D5D170700C3F090 /* KeychainManager.swift */ = {isa = PBXFileReference; lastKnownFileType = sourcecode.swift; path = KeychainManager.swift; sourceTree = "<group>"; };
		D1B300982D5D170700C3F090 /* ParrotApiService.swift */ = {isa = PBXFileReference; lastKnownFileType = sourcecode.swift; path = ParrotApiService.swift; sourceTree = "<group>"; };
		D1B300992D5D170700C3F090 /* WebService.swift */ = {isa = PBXFileReference; lastKnownFileType = sourcecode.swift; path = WebService.swift; sourceTree = "<group>"; };
		D1B3009A2D5D170700C3F090 /* WebServiceProtocol.swift */ = {isa = PBXFileReference; lastKnownFileType = sourcecode.swift; path = WebServiceProtocol.swift; sourceTree = "<group>"; };
		D1B3009C2D5D170700C3F090 /* Assets.xcassets */ = {isa = PBXFileReference; lastKnownFileType = folder.assetcatalog; path = Assets.xcassets; sourceTree = "<group>"; };
		D1B3009D2D5D170700C3F090 /* Info.plist */ = {isa = PBXFileReference; lastKnownFileType = text.plist.xml; path = Info.plist; sourceTree = "<group>"; };
		D1B3009E2D5D170700C3F090 /* ParrotIosApp.swift */ = {isa = PBXFileReference; lastKnownFileType = sourcecode.swift; path = ParrotIosApp.swift; sourceTree = "<group>"; };
/* End PBXFileReference section */

/* Begin PBXFileSystemSynchronizedBuildFileExceptionSet section */
		B0B5D76D2D54F48700A04FDA /* Exceptions for "ParrotIos" folder in "ParrotIos" target */ = {
			isa = PBXFileSystemSynchronizedBuildFileExceptionSet;
			membershipExceptions = (
				Info.plist,
			);
			target = 276AD2542D4103D200001426 /* ParrotIos */;
		};
		D159C6842D662F3F006FE9F5 /* Exceptions for "ParrotIosTests" folder in "ParrotIosTests" target */ = {
			isa = PBXFileSystemSynchronizedBuildFileExceptionSet;
			membershipExceptions = (
				Features/Auth/Views/LoginViewTest.swift,
			);
			target = 276AD2662D4103D400001426 /* ParrotIosTests */;
		};
/* End PBXFileSystemSynchronizedBuildFileExceptionSet section */

/* Begin PBXFileSystemSynchronizedRootGroup section */
		276AD2572D4103D200001426 /* ParrotIos */ = {
			isa = PBXFileSystemSynchronizedRootGroup;
			exceptions = (
				B0B5D76D2D54F48700A04FDA /* Exceptions for "ParrotIos" folder in "ParrotIos" target */,
			);
			path = ParrotIos;
			sourceTree = "<group>";
		};
		B05945FC2D4A5C34000D0280 /* ParrotIosTests */ = {
			isa = PBXFileSystemSynchronizedRootGroup;
			exceptions = (
				D159C6842D662F3F006FE9F5 /* Exceptions for "ParrotIosTests" folder in "ParrotIosTests" target */,
			);
			path = ParrotIosTests;
			sourceTree = "<group>";
		};
/* End PBXFileSystemSynchronizedRootGroup section */

/* Begin PBXFrameworksBuildPhase section */
		276AD2522D4103D200001426 /* Frameworks */ = {
			isa = PBXFrameworksBuildPhase;
			buildActionMask = 2147483647;
			files = (
			);
			runOnlyForDeploymentPostprocessing = 0;
		};
		276AD2642D4103D400001426 /* Frameworks */ = {
			isa = PBXFrameworksBuildPhase;
			buildActionMask = 2147483647;
			files = (
				CCD8884C2D63F5CA00F5B109 /* ViewInspector in Frameworks */,
			);
			runOnlyForDeploymentPostprocessing = 0;
		};
/* End PBXFrameworksBuildPhase section */

/* Begin PBXGroup section */
		276AD24C2D4103D200001426 = {
			isa = PBXGroup;
			children = (
				B05945FC2D4A5C34000D0280 /* ParrotIosTests */,
				276AD2572D4103D200001426 /* ParrotIos */,
				276AD2562D4103D200001426 /* Products */,
				B0A6E5472D54EF4100DB2DDE /* dev.xcconfig */,
				B0A6E5492D54EF4A00DB2DDE /* prod.xcconfig */,
				D13443142D5D0F7000F9B0A7 /* Frameworks */,
			);
			sourceTree = "<group>";
		};
		276AD2562D4103D200001426 /* Products */ = {
			isa = PBXGroup;
			children = (
				276AD2552D4103D200001426 /* ParrotIos.app */,
				276AD2672D4103D400001426 /* ParrotIosTests.xctest */,
			);
			name = Products;
			sourceTree = "<group>";
		};
		D13443142D5D0F7000F9B0A7 /* Frameworks */ = {
			isa = PBXGroup;
			children = (
				D1B3009F2D5D170700C3F090 /* ParrotIos */,
				D134434C2D5D0F7000F9B0A7 /* ParrotIos */,
			);
			name = Frameworks;
			sourceTree = "<group>";
		};
		D13443172D5D0F7000F9B0A7 /* ViewModels */ = {
			isa = PBXGroup;
			children = (
				D13443152D5D0F7000F9B0A7 /* LoginView-ViewModel.swift */,
				D13443162D5D0F7000F9B0A7 /* SignupView-ViewModel.swift */,
			);
			path = ViewModels;
			sourceTree = "<group>";
		};
		D134431A2D5D0F7000F9B0A7 /* Views */ = {
			isa = PBXGroup;
			children = (
				D13443182D5D0F7000F9B0A7 /* LoginView.swift */,
				D13443192D5D0F7000F9B0A7 /* SignupView.swift */,
			);
			path = Views;
			sourceTree = "<group>";
		};
		D134431B2D5D0F7000F9B0A7 /* Auth */ = {
			isa = PBXGroup;
			children = (
				D13443172D5D0F7000F9B0A7 /* ViewModels */,
				D134431A2D5D0F7000F9B0A7 /* Views */,
			);
			path = Auth;
			sourceTree = "<group>";
		};
		D13443222D5D0F7000F9B0A7 /* Models */ = {
			isa = PBXGroup;
			children = (
				D134431C2D5D0F7000F9B0A7 /* AttemptResponse.swift */,
				D134431D2D5D0F7000F9B0A7 /* AudioPlayer.swift */,
				D134431E2D5D0F7000F9B0A7 /* AudioRecorder.swift */,
				D134431F2D5D0F7000F9B0A7 /* Exercise.swift */,
				D13443202D5D0F7000F9B0A7 /* Phoneme.swift */,
				D13443212D5D0F7000F9B0A7 /* Word.swift */,
			);
			path = Models;
			sourceTree = "<group>";
		};
		D13443242D5D0F7000F9B0A7 /* ViewModels */ = {
			isa = PBXGroup;
			children = (
				D13443232D5D0F7000F9B0A7 /* AttemptView-ViewModel.swift */,
			);
			path = ViewModels;
			sourceTree = "<group>";
		};
		D13443262D5D0F7000F9B0A7 /* Views */ = {
			isa = PBXGroup;
			children = (
				D13443252D5D0F7000F9B0A7 /* AttemptView.swift */,
			);
			path = Views;
			sourceTree = "<group>";
		};
		D13443272D5D0F7000F9B0A7 /* Exercise */ = {
			isa = PBXGroup;
			children = (
				D13443222D5D0F7000F9B0A7 /* Models */,
				D13443242D5D0F7000F9B0A7 /* ViewModels */,
				D13443262D5D0F7000F9B0A7 /* Views */,
			);
			path = Exercise;
			sourceTree = "<group>";
		};
		D134432B2D5D0F7000F9B0A7 /* Models */ = {
			isa = PBXGroup;
			children = (
				D13443282D5D0F7000F9B0A7 /* Leaderboard.swift */,
				D13443292D5D0F7000F9B0A7 /* LeaderboardResponse.swift */,
				D134432A2D5D0F7000F9B0A7 /* User.swift */,
			);
			path = Models;
			sourceTree = "<group>";
		};
		D134432D2D5D0F7000F9B0A7 /* ViewModels */ = {
			isa = PBXGroup;
			children = (
				D134432C2D5D0F7000F9B0A7 /* LeaderboardView-ViewModel.swift */,
			);
			path = ViewModels;
			sourceTree = "<group>";
		};
		D134432F2D5D0F7000F9B0A7 /* Views */ = {
			isa = PBXGroup;
			children = (
				D134432E2D5D0F7000F9B0A7 /* LeaderboardView.swift */,
			);
			path = Views;
			sourceTree = "<group>";
		};
		D13443302D5D0F7000F9B0A7 /* Leaderboard */ = {
			isa = PBXGroup;
			children = (
				D134432B2D5D0F7000F9B0A7 /* Models */,
				D134432D2D5D0F7000F9B0A7 /* ViewModels */,
				D134432F2D5D0F7000F9B0A7 /* Views */,
			);
			path = Leaderboard;
			sourceTree = "<group>";
		};
		D13443322D5D0F7000F9B0A7 /* Views */ = {
			isa = PBXGroup;
			children = (
				D13443312D5D0F7000F9B0A7 /* NavigationView.swift */,
			);
			path = Views;
			sourceTree = "<group>";
		};
		D13443332D5D0F7000F9B0A7 /* Nav */ = {
			isa = PBXGroup;
			children = (
				D13443322D5D0F7000F9B0A7 /* Views */,
			);
			path = Nav;
			sourceTree = "<group>";
		};
		D13443372D5D0F7000F9B0A7 /* Models */ = {
			isa = PBXGroup;
			children = (
				D13443342D5D0F7000F9B0A7 /* Curriculum.swift */,
				D13443352D5D0F7000F9B0A7 /* Lesson.swift */,
				D13443362D5D0F7000F9B0A7 /* Unit.swift */,
			);
			path = Models;
			sourceTree = "<group>";
		};
		D13443392D5D0F7000F9B0A7 /* ViewModels */ = {
			isa = PBXGroup;
			children = (
				D13443382D5D0F7000F9B0A7 /* CurriculumView-ViewModel.swift */,
			);
			path = ViewModels;
			sourceTree = "<group>";
		};
		D134433D2D5D0F7000F9B0A7 /* Views */ = {
			isa = PBXGroup;
			children = (
				D134433A2D5D0F7000F9B0A7 /* CurriculumView.swift */,
				D134433B2D5D0F7000F9B0A7 /* ListedLessonView.swift */,
				D134433C2D5D0F7000F9B0A7 /* UnitView.swift */,
			);
			path = Views;
			sourceTree = "<group>";
		};
		D134433E2D5D0F7000F9B0A7 /* Unit */ = {
			isa = PBXGroup;
			children = (
				D13443372D5D0F7000F9B0A7 /* Models */,
				D13443392D5D0F7000F9B0A7 /* ViewModels */,
				D134433D2D5D0F7000F9B0A7 /* Views */,
			);
			path = Unit;
			sourceTree = "<group>";
		};
		D134433F2D5D0F7000F9B0A7 /* Features */ = {
			isa = PBXGroup;
			children = (
				D134431B2D5D0F7000F9B0A7 /* Auth */,
				D13443272D5D0F7000F9B0A7 /* Exercise */,
				D13443302D5D0F7000F9B0A7 /* Leaderboard */,
				D13443332D5D0F7000F9B0A7 /* Nav */,
				D134433E2D5D0F7000F9B0A7 /* Unit */,
			);
			path = Features;
			sourceTree = "<group>";
		};
		D13443412D5D0F7000F9B0A7 /* Preview Content */ = {
			isa = PBXGroup;
			children = (
				D13443402D5D0F7000F9B0A7 /* Preview Assets.xcassets */,
			);
			path = "Preview Content";
			sourceTree = "<group>";
		};
		D13443482D5D0F7000F9B0A7 /* Services */ = {
			isa = PBXGroup;
			children = (
				D13443422D5D0F7000F9B0A7 /* AuthService.swift */,
				D13443432D5D0F7000F9B0A7 /* AuthServiceProtocol.swift */,
				D13443442D5D0F7000F9B0A7 /* KeychainManager.swift */,
				D13443452D5D0F7000F9B0A7 /* ParrotApiService.swift */,
				D13443462D5D0F7000F9B0A7 /* WebService.swift */,
				D13443472D5D0F7000F9B0A7 /* WebServiceProtocol.swift */,
			);
			path = Services;
			sourceTree = "<group>";
		};
		D134434C2D5D0F7000F9B0A7 /* ParrotIos */ = {
			isa = PBXGroup;
			children = (
				D134433F2D5D0F7000F9B0A7 /* Features */,
				D13443412D5D0F7000F9B0A7 /* Preview Content */,
				D13443482D5D0F7000F9B0A7 /* Services */,
				D13443492D5D0F7000F9B0A7 /* Assets.xcassets */,
				D134434A2D5D0F7000F9B0A7 /* Info.plist */,
				D134434B2D5D0F7000F9B0A7 /* ParrotIosApp.swift */,
			);
			path = ParrotIos;
			sourceTree = "<group>";
		};
		D1B3006A2D5D170700C3F090 /* ViewModels */ = {
			isa = PBXGroup;
			children = (
				D1B300682D5D170700C3F090 /* LoginView-ViewModel.swift */,
				D1B300692D5D170700C3F090 /* SignupView-ViewModel.swift */,
			);
			path = ViewModels;
			sourceTree = "<group>";
		};
		D1B3006D2D5D170700C3F090 /* Views */ = {
			isa = PBXGroup;
			children = (
				D1B3006B2D5D170700C3F090 /* LoginView.swift */,
				D1B3006C2D5D170700C3F090 /* SignupView.swift */,
			);
			path = Views;
			sourceTree = "<group>";
		};
		D1B3006E2D5D170700C3F090 /* Auth */ = {
			isa = PBXGroup;
			children = (
				D1B3006A2D5D170700C3F090 /* ViewModels */,
				D1B3006D2D5D170700C3F090 /* Views */,
			);
			path = Auth;
			sourceTree = "<group>";
		};
		D1B300752D5D170700C3F090 /* Models */ = {
			isa = PBXGroup;
			children = (
				D1B3006F2D5D170700C3F090 /* AttemptResponse.swift */,
				D1B300702D5D170700C3F090 /* AudioPlayer.swift */,
				D1B300712D5D170700C3F090 /* AudioRecorder.swift */,
				D1B300722D5D170700C3F090 /* Exercise.swift */,
				D1B300732D5D170700C3F090 /* Phoneme.swift */,
				D1B300742D5D170700C3F090 /* Word.swift */,
			);
			path = Models;
			sourceTree = "<group>";
		};
		D1B300772D5D170700C3F090 /* ViewModels */ = {
			isa = PBXGroup;
			children = (
				D1B300762D5D170700C3F090 /* AttemptView-ViewModel.swift */,
			);
			path = ViewModels;
			sourceTree = "<group>";
		};
		D1B300792D5D170700C3F090 /* Views */ = {
			isa = PBXGroup;
			children = (
				D1B300782D5D170700C3F090 /* AttemptView.swift */,
			);
			path = Views;
			sourceTree = "<group>";
		};
		D1B3007A2D5D170700C3F090 /* Exercise */ = {
			isa = PBXGroup;
			children = (
				D1B300752D5D170700C3F090 /* Models */,
				D1B300772D5D170700C3F090 /* ViewModels */,
				D1B300792D5D170700C3F090 /* Views */,
			);
			path = Exercise;
			sourceTree = "<group>";
		};
		D1B3007E2D5D170700C3F090 /* Models */ = {
			isa = PBXGroup;
			children = (
				D1B3007B2D5D170700C3F090 /* Leaderboard.swift */,
				D1B3007C2D5D170700C3F090 /* LeaderboardResponse.swift */,
				D1B3007D2D5D170700C3F090 /* User.swift */,
			);
			path = Models;
			sourceTree = "<group>";
		};
		D1B300802D5D170700C3F090 /* ViewModels */ = {
			isa = PBXGroup;
			children = (
				D1B3007F2D5D170700C3F090 /* LeaderboardView-ViewModel.swift */,
			);
			path = ViewModels;
			sourceTree = "<group>";
		};
		D1B300822D5D170700C3F090 /* Views */ = {
			isa = PBXGroup;
			children = (
				D1B300812D5D170700C3F090 /* LeaderboardView.swift */,
			);
			path = Views;
			sourceTree = "<group>";
		};
		D1B300832D5D170700C3F090 /* Leaderboard */ = {
			isa = PBXGroup;
			children = (
				D1B3007E2D5D170700C3F090 /* Models */,
				D1B300802D5D170700C3F090 /* ViewModels */,
				D1B300822D5D170700C3F090 /* Views */,
			);
			path = Leaderboard;
			sourceTree = "<group>";
		};
		D1B300852D5D170700C3F090 /* Views */ = {
			isa = PBXGroup;
			children = (
				D1B300842D5D170700C3F090 /* NavigationView.swift */,
			);
			path = Views;
			sourceTree = "<group>";
		};
		D1B300862D5D170700C3F090 /* Nav */ = {
			isa = PBXGroup;
			children = (
				D1B300852D5D170700C3F090 /* Views */,
			);
			path = Nav;
			sourceTree = "<group>";
		};
		D1B3008A2D5D170700C3F090 /* Models */ = {
			isa = PBXGroup;
			children = (
				D1B300872D5D170700C3F090 /* Curriculum.swift */,
				D1B300882D5D170700C3F090 /* ListedLesson.swift */,
				D1B300892D5D170700C3F090 /* Unit.swift */,
			);
			path = Models;
			sourceTree = "<group>";
		};
		D1B3008C2D5D170700C3F090 /* ViewModels */ = {
			isa = PBXGroup;
			children = (
				D1B3008B2D5D170700C3F090 /* CurriculumView-ViewModel.swift */,
			);
			path = ViewModels;
			sourceTree = "<group>";
		};
		D1B300902D5D170700C3F090 /* Views */ = {
			isa = PBXGroup;
			children = (
				D1B3008D2D5D170700C3F090 /* CurriculumView.swift */,
				D1B3008E2D5D170700C3F090 /* LessonDetailView.swift */,
				D1B3008F2D5D170700C3F090 /* UnitView.swift */,
			);
			path = Views;
			sourceTree = "<group>";
		};
		D1B300912D5D170700C3F090 /* Unit */ = {
			isa = PBXGroup;
			children = (
				D1B3008A2D5D170700C3F090 /* Models */,
				D1B3008C2D5D170700C3F090 /* ViewModels */,
				D1B300902D5D170700C3F090 /* Views */,
			);
			path = Unit;
			sourceTree = "<group>";
		};
		D1B300922D5D170700C3F090 /* Features */ = {
			isa = PBXGroup;
			children = (
				D1B3006E2D5D170700C3F090 /* Auth */,
				D1B3007A2D5D170700C3F090 /* Exercise */,
				D1B300832D5D170700C3F090 /* Leaderboard */,
				D1B300862D5D170700C3F090 /* Nav */,
				D1B300912D5D170700C3F090 /* Unit */,
			);
			path = Features;
			sourceTree = "<group>";
		};
		D1B300942D5D170700C3F090 /* Preview Content */ = {
			isa = PBXGroup;
			children = (
				D1B300932D5D170700C3F090 /* Preview Assets.xcassets */,
			);
			path = "Preview Content";
			sourceTree = "<group>";
		};
		D1B3009B2D5D170700C3F090 /* Services */ = {
			isa = PBXGroup;
			children = (
				D1B300952D5D170700C3F090 /* AuthService.swift */,
				D1B300962D5D170700C3F090 /* AuthServiceProtocol.swift */,
				D1B300972D5D170700C3F090 /* KeychainManager.swift */,
				D1B300982D5D170700C3F090 /* ParrotApiService.swift */,
				D1B300992D5D170700C3F090 /* WebService.swift */,
				D1B3009A2D5D170700C3F090 /* WebServiceProtocol.swift */,
			);
			path = Services;
			sourceTree = "<group>";
		};
		D1B3009F2D5D170700C3F090 /* ParrotIos */ = {
			isa = PBXGroup;
			children = (
				D1B300922D5D170700C3F090 /* Features */,
				D1B300942D5D170700C3F090 /* Preview Content */,
				D1B3009B2D5D170700C3F090 /* Services */,
				D1B3009C2D5D170700C3F090 /* Assets.xcassets */,
				D1B3009D2D5D170700C3F090 /* Info.plist */,
				D1B3009E2D5D170700C3F090 /* ParrotIosApp.swift */,
			);
			path = ParrotIos;
			sourceTree = "<group>";
		};
/* End PBXGroup section */

/* Begin PBXNativeTarget section */
		276AD2542D4103D200001426 /* ParrotIos */ = {
			isa = PBXNativeTarget;
			buildConfigurationList = 276AD27B2D4103D400001426 /* Build configuration list for PBXNativeTarget "ParrotIos" */;
			buildPhases = (
				276AD2512D4103D200001426 /* Sources */,
				276AD2522D4103D200001426 /* Frameworks */,
				276AD2532D4103D200001426 /* Resources */,
				713413542D5244F3008A4B80 /* Embed ExtensionKit Extensions */,
			);
			buildRules = (
			);
			dependencies = (
				CC29B3792D6762B200597F98 /* PBXTargetDependency */,
			);
			fileSystemSynchronizedGroups = (
				276AD2572D4103D200001426 /* ParrotIos */,
			);
			name = ParrotIos;
			packageProductDependencies = (
			);
			productName = ParrotIos;
			productReference = 276AD2552D4103D200001426 /* ParrotIos.app */;
			productType = "com.apple.product-type.application";
		};
		276AD2662D4103D400001426 /* ParrotIosTests */ = {
			isa = PBXNativeTarget;
			buildConfigurationList = 276AD27E2D4103D400001426 /* Build configuration list for PBXNativeTarget "ParrotIosTests" */;
			buildPhases = (
				276AD2632D4103D400001426 /* Sources */,
				276AD2642D4103D400001426 /* Frameworks */,
				276AD2652D4103D400001426 /* Resources */,
			);
			buildRules = (
			);
			dependencies = (
				CC29B37B2D6762BA00597F98 /* PBXTargetDependency */,
				D1B300672D5D169E00C3F090 /* PBXTargetDependency */,
			);
			fileSystemSynchronizedGroups = (
				B05945FC2D4A5C34000D0280 /* ParrotIosTests */,
			);
			name = ParrotIosTests;
			packageProductDependencies = (
				CCD8884B2D63F5CA00F5B109 /* ViewInspector */,
			);
			productName = ParrotIosTests;
			productReference = 276AD2672D4103D400001426 /* ParrotIosTests.xctest */;
			productType = "com.apple.product-type.bundle.unit-test";
		};
/* End PBXNativeTarget section */

/* Begin PBXProject section */
		276AD24D2D4103D200001426 /* Project object */ = {
			isa = PBXProject;
			attributes = {
				BuildIndependentTargetsInParallel = 1;
				LastSwiftUpdateCheck = 1620;
				LastUpgradeCheck = 1620;
				TargetAttributes = {
					276AD2542D4103D200001426 = {
						CreatedOnToolsVersion = 16.2;
					};
					276AD2662D4103D400001426 = {
						CreatedOnToolsVersion = 16.2;
						LastSwiftMigration = 1620;
						TestTargetID = 276AD2542D4103D200001426;
					};
				};
			};
			buildConfigurationList = 276AD2502D4103D200001426 /* Build configuration list for PBXProject "ParrotIos" */;
			developmentRegion = en;
			hasScannedForEncodings = 0;
			knownRegions = (
				en,
				Base,
			);
			mainGroup = 276AD24C2D4103D200001426;
			minimizedProjectReferenceProxies = 1;
			packageReferences = (
				CCD8884A2D63F5CA00F5B109 /* XCRemoteSwiftPackageReference "ViewInspector" */,
				CC29B3772D6761B100597F98 /* XCRemoteSwiftPackageReference "SwiftLintPlugins" */,
			);
			preferredProjectObjectVersion = 77;
			productRefGroup = 276AD2562D4103D200001426 /* Products */;
			projectDirPath = "";
			projectRoot = "";
			targets = (
				276AD2542D4103D200001426 /* ParrotIos */,
				276AD2662D4103D400001426 /* ParrotIosTests */,
			);
		};
/* End PBXProject section */

/* Begin PBXResourcesBuildPhase section */
		276AD2532D4103D200001426 /* Resources */ = {
			isa = PBXResourcesBuildPhase;
			buildActionMask = 2147483647;
			files = (
				B0A6E5482D54EF4100DB2DDE /* dev.xcconfig in Resources */,
				B0A6E54A2D54EF4A00DB2DDE /* prod.xcconfig in Resources */,
			);
			runOnlyForDeploymentPostprocessing = 0;
		};
		276AD2652D4103D400001426 /* Resources */ = {
			isa = PBXResourcesBuildPhase;
			buildActionMask = 2147483647;
			files = (
			);
			runOnlyForDeploymentPostprocessing = 0;
		};
/* End PBXResourcesBuildPhase section */

/* Begin PBXSourcesBuildPhase section */
		276AD2512D4103D200001426 /* Sources */ = {
			isa = PBXSourcesBuildPhase;
			buildActionMask = 2147483647;
			files = (
			);
			runOnlyForDeploymentPostprocessing = 0;
		};
		276AD2632D4103D400001426 /* Sources */ = {
			isa = PBXSourcesBuildPhase;
			buildActionMask = 2147483647;
			files = (
			);
			runOnlyForDeploymentPostprocessing = 0;
		};
/* End PBXSourcesBuildPhase section */

/* Begin PBXTargetDependency section */
		CC29B3792D6762B200597F98 /* PBXTargetDependency */ = {
			isa = PBXTargetDependency;
			productRef = CC29B3782D6762B200597F98 /* SwiftLintBuildToolPlugin */;
		};
		CC29B37B2D6762BA00597F98 /* PBXTargetDependency */ = {
			isa = PBXTargetDependency;
			productRef = CC29B37A2D6762BA00597F98 /* SwiftLintBuildToolPlugin */;
		};
		D1B300672D5D169E00C3F090 /* PBXTargetDependency */ = {
			isa = PBXTargetDependency;
			target = 276AD2542D4103D200001426 /* ParrotIos */;
			targetProxy = D1B300662D5D169E00C3F090 /* PBXContainerItemProxy */;
		};
/* End PBXTargetDependency section */

/* Begin XCBuildConfiguration section */
		276AD2792D4103D400001426 /* Debug */ = {
			isa = XCBuildConfiguration;
			baseConfigurationReference = B0A6E5472D54EF4100DB2DDE /* dev.xcconfig */;
			buildSettings = {
				ALWAYS_SEARCH_USER_PATHS = NO;
				ASSETCATALOG_COMPILER_GENERATE_SWIFT_ASSET_SYMBOL_EXTENSIONS = YES;
				CLANG_ANALYZER_NONNULL = YES;
				CLANG_ANALYZER_NUMBER_OBJECT_CONVERSION = YES_AGGRESSIVE;
				CLANG_CXX_LANGUAGE_STANDARD = "gnu++20";
				CLANG_ENABLE_MODULES = YES;
				CLANG_ENABLE_OBJC_ARC = YES;
				CLANG_ENABLE_OBJC_WEAK = YES;
				CLANG_WARN_BLOCK_CAPTURE_AUTORELEASING = YES;
				CLANG_WARN_BOOL_CONVERSION = YES;
				CLANG_WARN_COMMA = YES;
				CLANG_WARN_CONSTANT_CONVERSION = YES;
				CLANG_WARN_DEPRECATED_OBJC_IMPLEMENTATIONS = YES;
				CLANG_WARN_DIRECT_OBJC_ISA_USAGE = YES_ERROR;
				CLANG_WARN_DOCUMENTATION_COMMENTS = YES;
				CLANG_WARN_EMPTY_BODY = YES;
				CLANG_WARN_ENUM_CONVERSION = YES;
				CLANG_WARN_INFINITE_RECURSION = YES;
				CLANG_WARN_INT_CONVERSION = YES;
				CLANG_WARN_NON_LITERAL_NULL_CONVERSION = YES;
				CLANG_WARN_OBJC_IMPLICIT_RETAIN_SELF = YES;
				CLANG_WARN_OBJC_LITERAL_CONVERSION = YES;
				CLANG_WARN_OBJC_ROOT_CLASS = YES_ERROR;
				CLANG_WARN_QUOTED_INCLUDE_IN_FRAMEWORK_HEADER = YES;
				CLANG_WARN_RANGE_LOOP_ANALYSIS = YES;
				CLANG_WARN_STRICT_PROTOTYPES = YES;
				CLANG_WARN_SUSPICIOUS_MOVE = YES;
				CLANG_WARN_UNGUARDED_AVAILABILITY = YES_AGGRESSIVE;
				CLANG_WARN_UNREACHABLE_CODE = YES;
				CLANG_WARN__DUPLICATE_METHOD_MATCH = YES;
				COPY_PHASE_STRIP = NO;
				DEBUG_INFORMATION_FORMAT = dwarf;
				ENABLE_STRICT_OBJC_MSGSEND = YES;
				ENABLE_TESTABILITY = YES;
				ENABLE_USER_SCRIPT_SANDBOXING = YES;
				GCC_C_LANGUAGE_STANDARD = gnu17;
				GCC_DYNAMIC_NO_PIC = NO;
				GCC_NO_COMMON_BLOCKS = YES;
				GCC_OPTIMIZATION_LEVEL = 0;
				GCC_PREPROCESSOR_DEFINITIONS = (
					"DEBUG=1",
					"$(inherited)",
				);
				GCC_WARN_64_TO_32_BIT_CONVERSION = YES;
				GCC_WARN_ABOUT_RETURN_TYPE = YES_ERROR;
				GCC_WARN_UNDECLARED_SELECTOR = YES;
				GCC_WARN_UNINITIALIZED_AUTOS = YES_AGGRESSIVE;
				GCC_WARN_UNUSED_FUNCTION = YES;
				GCC_WARN_UNUSED_VARIABLE = YES;
				IPHONEOS_DEPLOYMENT_TARGET = 18.0;
				LOCALIZATION_PREFERS_STRING_CATALOGS = YES;
				MTL_ENABLE_DEBUG_INFO = INCLUDE_SOURCE;
				MTL_FAST_MATH = YES;
				ONLY_ACTIVE_ARCH = YES;
				SDKROOT = iphoneos;
				SWIFT_ACTIVE_COMPILATION_CONDITIONS = "DEBUG $(inherited)";
				SWIFT_OPTIMIZATION_LEVEL = "-Onone";
			};
			name = Debug;
		};
		276AD27A2D4103D400001426 /* Release */ = {
			isa = XCBuildConfiguration;
			baseConfigurationReference = B0A6E5492D54EF4A00DB2DDE /* prod.xcconfig */;
			buildSettings = {
				ALWAYS_SEARCH_USER_PATHS = NO;
				ASSETCATALOG_COMPILER_GENERATE_SWIFT_ASSET_SYMBOL_EXTENSIONS = YES;
				CLANG_ANALYZER_NONNULL = YES;
				CLANG_ANALYZER_NUMBER_OBJECT_CONVERSION = YES_AGGRESSIVE;
				CLANG_CXX_LANGUAGE_STANDARD = "gnu++20";
				CLANG_ENABLE_MODULES = YES;
				CLANG_ENABLE_OBJC_ARC = YES;
				CLANG_ENABLE_OBJC_WEAK = YES;
				CLANG_WARN_BLOCK_CAPTURE_AUTORELEASING = YES;
				CLANG_WARN_BOOL_CONVERSION = YES;
				CLANG_WARN_COMMA = YES;
				CLANG_WARN_CONSTANT_CONVERSION = YES;
				CLANG_WARN_DEPRECATED_OBJC_IMPLEMENTATIONS = YES;
				CLANG_WARN_DIRECT_OBJC_ISA_USAGE = YES_ERROR;
				CLANG_WARN_DOCUMENTATION_COMMENTS = YES;
				CLANG_WARN_EMPTY_BODY = YES;
				CLANG_WARN_ENUM_CONVERSION = YES;
				CLANG_WARN_INFINITE_RECURSION = YES;
				CLANG_WARN_INT_CONVERSION = YES;
				CLANG_WARN_NON_LITERAL_NULL_CONVERSION = YES;
				CLANG_WARN_OBJC_IMPLICIT_RETAIN_SELF = YES;
				CLANG_WARN_OBJC_LITERAL_CONVERSION = YES;
				CLANG_WARN_OBJC_ROOT_CLASS = YES_ERROR;
				CLANG_WARN_QUOTED_INCLUDE_IN_FRAMEWORK_HEADER = YES;
				CLANG_WARN_RANGE_LOOP_ANALYSIS = YES;
				CLANG_WARN_STRICT_PROTOTYPES = YES;
				CLANG_WARN_SUSPICIOUS_MOVE = YES;
				CLANG_WARN_UNGUARDED_AVAILABILITY = YES_AGGRESSIVE;
				CLANG_WARN_UNREACHABLE_CODE = YES;
				CLANG_WARN__DUPLICATE_METHOD_MATCH = YES;
				COPY_PHASE_STRIP = NO;
				DEBUG_INFORMATION_FORMAT = "dwarf-with-dsym";
				ENABLE_NS_ASSERTIONS = NO;
				ENABLE_STRICT_OBJC_MSGSEND = YES;
				ENABLE_USER_SCRIPT_SANDBOXING = YES;
				GCC_C_LANGUAGE_STANDARD = gnu17;
				GCC_NO_COMMON_BLOCKS = YES;
				GCC_WARN_64_TO_32_BIT_CONVERSION = YES;
				GCC_WARN_ABOUT_RETURN_TYPE = YES_ERROR;
				GCC_WARN_UNDECLARED_SELECTOR = YES;
				GCC_WARN_UNINITIALIZED_AUTOS = YES_AGGRESSIVE;
				GCC_WARN_UNUSED_FUNCTION = YES;
				GCC_WARN_UNUSED_VARIABLE = YES;
				IPHONEOS_DEPLOYMENT_TARGET = 18.0;
				LOCALIZATION_PREFERS_STRING_CATALOGS = YES;
				MTL_ENABLE_DEBUG_INFO = NO;
				MTL_FAST_MATH = YES;
				ONLY_ACTIVE_ARCH = NO;
				SDKROOT = iphoneos;
				SWIFT_COMPILATION_MODE = wholemodule;
				VALIDATE_PRODUCT = YES;
			};
			name = Release;
		};
		276AD27C2D4103D400001426 /* Debug */ = {
			isa = XCBuildConfiguration;
			baseConfigurationReference = B0A6E5472D54EF4100DB2DDE /* dev.xcconfig */;
			buildSettings = {
				ASSETCATALOG_COMPILER_APPICON_NAME = AppIcon;
				ASSETCATALOG_COMPILER_GLOBAL_ACCENT_COLOR_NAME = AccentColor;
				CODE_SIGN_STYLE = Automatic;
				CURRENT_PROJECT_VERSION = 1;
				DEVELOPMENT_ASSET_PATHS = "\"ParrotIos/Preview Content\"";
				DEVELOPMENT_TEAM = "";
				ENABLE_PREVIEWS = YES;
				ENABLE_TESTING_SEARCH_PATHS = YES;
				GENERATE_INFOPLIST_FILE = YES;
				INFOPLIST_FILE = ParrotIos/Info.plist;
				INFOPLIST_KEY_CFBundleDisplayName = "Parrot IC App";
				INFOPLIST_KEY_NSMicrophoneUsageDescription = "We need access to the microphone to record audio for this app.";
				INFOPLIST_KEY_UIApplicationSceneManifest_Generation = YES;
				INFOPLIST_KEY_UIApplicationSupportsIndirectInputEvents = YES;
				INFOPLIST_KEY_UILaunchScreen_Generation = YES;
				INFOPLIST_KEY_UISupportedInterfaceOrientations_iPad = "UIInterfaceOrientationPortrait UIInterfaceOrientationPortraitUpsideDown UIInterfaceOrientationLandscapeLeft UIInterfaceOrientationLandscapeRight";
				INFOPLIST_KEY_UISupportedInterfaceOrientations_iPhone = "UIInterfaceOrientationPortrait UIInterfaceOrientationLandscapeLeft UIInterfaceOrientationLandscapeRight";
				LD_RUNPATH_SEARCH_PATHS = (
					"$(inherited)",
					"@executable_path/Frameworks",
				);
				MARKETING_VERSION = 1.0;
				PRODUCT_BUNDLE_IDENTIFIER = "ic-pronunciation-app-test.frontend-app";
				PRODUCT_NAME = "$(TARGET_NAME)";
				SWIFT_EMIT_LOC_STRINGS = YES;
				SWIFT_VERSION = 5.0;
				TARGETED_DEVICE_FAMILY = "1,2";
			};
			name = Debug;
		};
		276AD27D2D4103D400001426 /* Release */ = {
			isa = XCBuildConfiguration;
			baseConfigurationReference = B0A6E5492D54EF4A00DB2DDE /* prod.xcconfig */;
			buildSettings = {
				ASSETCATALOG_COMPILER_APPICON_NAME = AppIcon;
				ASSETCATALOG_COMPILER_GLOBAL_ACCENT_COLOR_NAME = AccentColor;
				CODE_SIGN_STYLE = Automatic;
				CURRENT_PROJECT_VERSION = 1;
				DEVELOPMENT_ASSET_PATHS = "\"ParrotIos/Preview Content\"";
				DEVELOPMENT_TEAM = "";
				ENABLE_PREVIEWS = YES;
				ENABLE_TESTING_SEARCH_PATHS = YES;
				GENERATE_INFOPLIST_FILE = YES;
				INFOPLIST_FILE = ParrotIos/Info.plist;
				INFOPLIST_KEY_CFBundleDisplayName = "Parrot IC App";
				INFOPLIST_KEY_NSMicrophoneUsageDescription = "We need access to the microphone to record audio for this app.";
				INFOPLIST_KEY_UIApplicationSceneManifest_Generation = YES;
				INFOPLIST_KEY_UIApplicationSupportsIndirectInputEvents = YES;
				INFOPLIST_KEY_UILaunchScreen_Generation = YES;
				INFOPLIST_KEY_UISupportedInterfaceOrientations_iPad = "UIInterfaceOrientationPortrait UIInterfaceOrientationPortraitUpsideDown UIInterfaceOrientationLandscapeLeft UIInterfaceOrientationLandscapeRight";
				INFOPLIST_KEY_UISupportedInterfaceOrientations_iPhone = "UIInterfaceOrientationPortrait UIInterfaceOrientationLandscapeLeft UIInterfaceOrientationLandscapeRight";
				LD_RUNPATH_SEARCH_PATHS = (
					"$(inherited)",
					"@executable_path/Frameworks",
				);
				MARKETING_VERSION = 1.0;
				PRODUCT_BUNDLE_IDENTIFIER = "ic-pronunciation-app-test.frontend-app";
				PRODUCT_NAME = "$(TARGET_NAME)";
				SWIFT_EMIT_LOC_STRINGS = YES;
				SWIFT_VERSION = 5.0;
				TARGETED_DEVICE_FAMILY = "1,2";
			};
			name = Release;
		};
		276AD27F2D4103D400001426 /* Debug */ = {
			isa = XCBuildConfiguration;
			buildSettings = {
				BUNDLE_LOADER = "$(TEST_HOST)";
				CLANG_ENABLE_MODULES = YES;
				CODE_SIGN_STYLE = Automatic;
				CURRENT_PROJECT_VERSION = 1;
				GENERATE_INFOPLIST_FILE = YES;
				IPHONEOS_DEPLOYMENT_TARGET = 18.0;
				MARKETING_VERSION = 1.0;
				OTHER_LDFLAGS = "";
				PRODUCT_BUNDLE_IDENTIFIER = "imperial-segp.ParrotIosTests";
				PRODUCT_NAME = "$(TARGET_NAME)";
				SWIFT_EMIT_LOC_STRINGS = NO;
				SWIFT_OPTIMIZATION_LEVEL = "-Onone";
				SWIFT_VERSION = 5.0;
				TARGETED_DEVICE_FAMILY = "1,2";
				TEST_HOST = "$(BUILT_PRODUCTS_DIR)/ParrotIos.app/$(BUNDLE_EXECUTABLE_FOLDER_PATH)/ParrotIos";
			};
			name = Debug;
		};
		276AD2802D4103D400001426 /* Release */ = {
			isa = XCBuildConfiguration;
			buildSettings = {
				BUNDLE_LOADER = "$(TEST_HOST)";
				CLANG_ENABLE_MODULES = YES;
				CODE_SIGN_STYLE = Automatic;
				CURRENT_PROJECT_VERSION = 1;
				GENERATE_INFOPLIST_FILE = YES;
				IPHONEOS_DEPLOYMENT_TARGET = 18.0;
				MARKETING_VERSION = 1.0;
				OTHER_LDFLAGS = "";
				PRODUCT_BUNDLE_IDENTIFIER = "imperial-segp.ParrotIosTests";
				PRODUCT_NAME = "$(TARGET_NAME)";
				SWIFT_EMIT_LOC_STRINGS = NO;
				SWIFT_VERSION = 5.0;
				TARGETED_DEVICE_FAMILY = "1,2";
				TEST_HOST = "$(BUILT_PRODUCTS_DIR)/ParrotIos.app/$(BUNDLE_EXECUTABLE_FOLDER_PATH)/ParrotIos";
			};
			name = Release;
		};
/* End XCBuildConfiguration section */

/* Begin XCConfigurationList section */
		276AD2502D4103D200001426 /* Build configuration list for PBXProject "ParrotIos" */ = {
			isa = XCConfigurationList;
			buildConfigurations = (
				276AD2792D4103D400001426 /* Debug */,
				276AD27A2D4103D400001426 /* Release */,
			);
			defaultConfigurationIsVisible = 0;
			defaultConfigurationName = Release;
		};
		276AD27B2D4103D400001426 /* Build configuration list for PBXNativeTarget "ParrotIos" */ = {
			isa = XCConfigurationList;
			buildConfigurations = (
				276AD27C2D4103D400001426 /* Debug */,
				276AD27D2D4103D400001426 /* Release */,
			);
			defaultConfigurationIsVisible = 0;
			defaultConfigurationName = Release;
		};
		276AD27E2D4103D400001426 /* Build configuration list for PBXNativeTarget "ParrotIosTests" */ = {
			isa = XCConfigurationList;
			buildConfigurations = (
				276AD27F2D4103D400001426 /* Debug */,
				276AD2802D4103D400001426 /* Release */,
			);
			defaultConfigurationIsVisible = 0;
			defaultConfigurationName = Release;
		};
/* End XCConfigurationList section */

/* Begin XCRemoteSwiftPackageReference section */
		CC29B3772D6761B100597F98 /* XCRemoteSwiftPackageReference "SwiftLintPlugins" */ = {
			isa = XCRemoteSwiftPackageReference;
			repositoryURL = "https://github.com/SimplyDanny/SwiftLintPlugins";
			requirement = {
				kind = upToNextMajorVersion;
				minimumVersion = 0.58.2;
			};
		};
		CCD8884A2D63F5CA00F5B109 /* XCRemoteSwiftPackageReference "ViewInspector" */ = {
			isa = XCRemoteSwiftPackageReference;
			repositoryURL = "https://github.com/nalexn/ViewInspector";
			requirement = {
				kind = upToNextMajorVersion;
				minimumVersion = 0.10.1;
			};
		};
/* End XCRemoteSwiftPackageReference section */

/* Begin XCSwiftPackageProductDependency section */
		CC29B3782D6762B200597F98 /* SwiftLintBuildToolPlugin */ = {
			isa = XCSwiftPackageProductDependency;
			package = CC29B3772D6761B100597F98 /* XCRemoteSwiftPackageReference "SwiftLintPlugins" */;
			productName = "plugin:SwiftLintBuildToolPlugin";
		};
		CC29B37A2D6762BA00597F98 /* SwiftLintBuildToolPlugin */ = {
			isa = XCSwiftPackageProductDependency;
			package = CC29B3772D6761B100597F98 /* XCRemoteSwiftPackageReference "SwiftLintPlugins" */;
			productName = "plugin:SwiftLintBuildToolPlugin";
		};
		CCD8884B2D63F5CA00F5B109 /* ViewInspector */ = {
			isa = XCSwiftPackageProductDependency;
			package = CCD8884A2D63F5CA00F5B109 /* XCRemoteSwiftPackageReference "ViewInspector" */;
			productName = ViewInspector;
		};
/* End XCSwiftPackageProductDependency section */
	};
	rootObject = 276AD24D2D4103D200001426 /* Project object */;
}
