// !$*UTF8*$!
{
	archiveVersion = 1;
	classes = {
	};
	objectVersion = 77;
	objects = {

/* Begin PBXBuildFile section */
		B0A6E5482D54EF4100DB2DDE /* dev.xcconfig in Resources */ = {isa = PBXBuildFile; fileRef = B0A6E5472D54EF4100DB2DDE /* dev.xcconfig */; };
		B0A6E54A2D54EF4A00DB2DDE /* prod.xcconfig in Resources */ = {isa = PBXBuildFile; fileRef = B0A6E5492D54EF4A00DB2DDE /* prod.xcconfig */; };
/* End PBXBuildFile section */

/* Begin PBXContainerItemProxy section */
		276AD2682D4103D400001426 /* PBXContainerItemProxy */ = {
			isa = PBXContainerItemProxy;
			containerPortal = 276AD24D2D4103D200001426 /* Project object */;
			proxyType = 1;
			remoteGlobalIDString = 276AD2542D4103D200001426;
			remoteInfo = ParrotIos;
		};
		276AD2722D4103D400001426 /* PBXContainerItemProxy */ = {
			isa = PBXContainerItemProxy;
			containerPortal = 276AD24D2D4103D200001426 /* Project object */;
			proxyType = 1;
			remoteGlobalIDString = 276AD2542D4103D200001426;
			remoteInfo = ParrotIos;
		};
/* End PBXContainerItemProxy section */

/* Begin PBXCopyFilesBuildPhase section */
		713413542D5244F3008A4B80 /* Embed ExtensionKit Extensions */ = {
			isa = PBXCopyFilesBuildPhase;
			buildActionMask = 2147483647;
			dstPath = "$(EXTENSIONS_FOLDER_PATH)";
			dstSubfolderSpec = 16;
			files = (
			);
			name = "Embed ExtensionKit Extensions";
			runOnlyForDeploymentPostprocessing = 0;
		};
/* End PBXCopyFilesBuildPhase section */

/* Begin PBXFileReference section */
		276AD2552D4103D200001426 /* ParrotIos.app */ = {isa = PBXFileReference; explicitFileType = wrapper.application; includeInIndex = 0; path = ParrotIos.app; sourceTree = BUILT_PRODUCTS_DIR; };
		276AD2672D4103D400001426 /* ParrotIosTests.xctest */ = {isa = PBXFileReference; explicitFileType = wrapper.cfbundle; includeInIndex = 0; path = ParrotIosTests.xctest; sourceTree = BUILT_PRODUCTS_DIR; };
		276AD2712D4103D400001426 /* ParrotIosUITests.xctest */ = {isa = PBXFileReference; explicitFileType = wrapper.cfbundle; includeInIndex = 0; path = ParrotIosUITests.xctest; sourceTree = BUILT_PRODUCTS_DIR; };
		B0A6E5472D54EF4100DB2DDE /* dev.xcconfig */ = {isa = PBXFileReference; lastKnownFileType = text.xcconfig; path = dev.xcconfig; sourceTree = "<group>"; };
		B0A6E5492D54EF4A00DB2DDE /* prod.xcconfig */ = {isa = PBXFileReference; lastKnownFileType = text.xcconfig; path = prod.xcconfig; sourceTree = "<group>"; };
/* End PBXFileReference section */

/* Begin PBXFileSystemSynchronizedBuildFileExceptionSet section */
		B0B5D76D2D54F48700A04FDA /* Exceptions for "ParrotIos" folder in "ParrotIos" target */ = {
			isa = PBXFileSystemSynchronizedBuildFileExceptionSet;
			membershipExceptions = (
				Info.plist,
			);
			target = 276AD2542D4103D200001426 /* ParrotIos */;
		};
/* End PBXFileSystemSynchronizedBuildFileExceptionSet section */

/* Begin PBXFileSystemSynchronizedRootGroup section */
		276AD2572D4103D200001426 /* ParrotIos */ = {
			isa = PBXFileSystemSynchronizedRootGroup;
			exceptions = (
				B0B5D76D2D54F48700A04FDA /* Exceptions for "ParrotIos" folder in "ParrotIos" target */,
			);
			path = ParrotIos;
			sourceTree = "<group>";
		};
		935007B12D5B6EAC00B96B57 /* ParrotIosUITests */ = {
			isa = PBXFileSystemSynchronizedRootGroup;
			path = ParrotIosUITests;
			sourceTree = "<group>";
		};
		B05945FC2D4A5C34000D0280 /* ParrotIosTests */ = {
			isa = PBXFileSystemSynchronizedRootGroup;
			path = ParrotIosTests;
			sourceTree = "<group>";
		};
/* End PBXFileSystemSynchronizedRootGroup section */

/* Begin PBXFrameworksBuildPhase section */
		276AD2522D4103D200001426 /* Frameworks */ = {
			isa = PBXFrameworksBuildPhase;
			buildActionMask = 2147483647;
			files = (
			);
			runOnlyForDeploymentPostprocessing = 0;
		};
		276AD2642D4103D400001426 /* Frameworks */ = {
			isa = PBXFrameworksBuildPhase;
			buildActionMask = 2147483647;
			files = (
			);
			runOnlyForDeploymentPostprocessing = 0;
		};
		276AD26E2D4103D400001426 /* Frameworks */ = {
			isa = PBXFrameworksBuildPhase;
			buildActionMask = 2147483647;
			files = (
			);
			runOnlyForDeploymentPostprocessing = 0;
		};
/* End PBXFrameworksBuildPhase section */

/* Begin PBXGroup section */
		276AD24C2D4103D200001426 = {
			isa = PBXGroup;
			children = (
				935007B12D5B6EAC00B96B57 /* ParrotIosUITests */,
				B05945FC2D4A5C34000D0280 /* ParrotIosTests */,
				276AD2572D4103D200001426 /* ParrotIos */,
				276AD2562D4103D200001426 /* Products */,
				B0A6E5472D54EF4100DB2DDE /* dev.xcconfig */,
				B0A6E5492D54EF4A00DB2DDE /* prod.xcconfig */,
			);
			sourceTree = "<group>";
		};
		276AD2562D4103D200001426 /* Products */ = {
			isa = PBXGroup;
			children = (
				276AD2552D4103D200001426 /* ParrotIos.app */,
				276AD2672D4103D400001426 /* ParrotIosTests.xctest */,
				276AD2712D4103D400001426 /* ParrotIosUITests.xctest */,
			);
			name = Products;
			sourceTree = "<group>";
		};
/* End PBXGroup section */

/* Begin PBXNativeTarget section */
		276AD2542D4103D200001426 /* ParrotIos */ = {
			isa = PBXNativeTarget;
			buildConfigurationList = 276AD27B2D4103D400001426 /* Build configuration list for PBXNativeTarget "ParrotIos" */;
			buildPhases = (
				276AD2512D4103D200001426 /* Sources */,
				276AD2522D4103D200001426 /* Frameworks */,
				276AD2532D4103D200001426 /* Resources */,
				713413542D5244F3008A4B80 /* Embed ExtensionKit Extensions */,
			);
			buildRules = (
			);
			dependencies = (
			);
			fileSystemSynchronizedGroups = (
				276AD2572D4103D200001426 /* ParrotIos */,
				B05945FC2D4A5C34000D0280 /* ParrotIosTests */,
			);
			name = ParrotIos;
			packageProductDependencies = (
			);
			productName = ParrotIos;
			productReference = 276AD2552D4103D200001426 /* ParrotIos.app */;
			productType = "com.apple.product-type.application";
		};
		276AD2662D4103D400001426 /* ParrotIosTests */ = {
			isa = PBXNativeTarget;
			buildConfigurationList = 276AD27E2D4103D400001426 /* Build configuration list for PBXNativeTarget "ParrotIosTests" */;
			buildPhases = (
				276AD2632D4103D400001426 /* Sources */,
				276AD2642D4103D400001426 /* Frameworks */,
				276AD2652D4103D400001426 /* Resources */,
			);
			buildRules = (
			);
			dependencies = (
				276AD2692D4103D400001426 /* PBXTargetDependency */,
			);
			name = ParrotIosTests;
			packageProductDependencies = (
			);
			productName = ParrotIosTests;
			productReference = 276AD2672D4103D400001426 /* ParrotIosTests.xctest */;
			productType = "com.apple.product-type.bundle.unit-test";
		};
		276AD2702D4103D400001426 /* ParrotIosUITests */ = {
			isa = PBXNativeTarget;
			buildConfigurationList = 276AD2812D4103D400001426 /* Build configuration list for PBXNativeTarget "ParrotIosUITests" */;
			buildPhases = (
				276AD26D2D4103D400001426 /* Sources */,
				276AD26E2D4103D400001426 /* Frameworks */,
				276AD26F2D4103D400001426 /* Resources */,
			);
			buildRules = (
			);
			dependencies = (
				276AD2732D4103D400001426 /* PBXTargetDependency */,
			);
			fileSystemSynchronizedGroups = (
				935007B12D5B6EAC00B96B57 /* ParrotIosUITests */,
			);
			name = ParrotIosUITests;
			packageProductDependencies = (
			);
			productName = ParrotIosUITests;
			productReference = 276AD2712D4103D400001426 /* ParrotIosUITests.xctest */;
			productType = "com.apple.product-type.bundle.ui-testing";
		};
/* End PBXNativeTarget section */

/* Begin PBXProject section */
		276AD24D2D4103D200001426 /* Project object */ = {
			isa = PBXProject;
			attributes = {
				BuildIndependentTargetsInParallel = 1;
				LastSwiftUpdateCheck = 1620;
				LastUpgradeCheck = 1620;
				TargetAttributes = {
					276AD2542D4103D200001426 = {
						CreatedOnToolsVersion = 16.2;
					};
					276AD2662D4103D400001426 = {
						CreatedOnToolsVersion = 16.2;
						TestTargetID = 276AD2542D4103D200001426;
					};
					276AD2702D4103D400001426 = {
						CreatedOnToolsVersion = 16.2;
						TestTargetID = 276AD2542D4103D200001426;
					};
				};
			};
			buildConfigurationList = 276AD2502D4103D200001426 /* Build configuration list for PBXProject "ParrotIos" */;
			developmentRegion = en;
			hasScannedForEncodings = 0;
			knownRegions = (
				en,
				Base,
			);
			mainGroup = 276AD24C2D4103D200001426;
			minimizedProjectReferenceProxies = 1;
			packageReferences = (
			);
			preferredProjectObjectVersion = 77;
			productRefGroup = 276AD2562D4103D200001426 /* Products */;
			projectDirPath = "";
			projectRoot = "";
			targets = (
				276AD2542D4103D200001426 /* ParrotIos */,
				276AD2662D4103D400001426 /* ParrotIosTests */,
				276AD2702D4103D400001426 /* ParrotIosUITests */,
			);
		};
/* End PBXProject section */

/* Begin PBXResourcesBuildPhase section */
		276AD2532D4103D200001426 /* Resources */ = {
			isa = PBXResourcesBuildPhase;
			buildActionMask = 2147483647;
			files = (
				B0A6E5482D54EF4100DB2DDE /* dev.xcconfig in Resources */,
				B0A6E54A2D54EF4A00DB2DDE /* prod.xcconfig in Resources */,
			);
			runOnlyForDeploymentPostprocessing = 0;
		};
		276AD2652D4103D400001426 /* Resources */ = {
			isa = PBXResourcesBuildPhase;
			buildActionMask = 2147483647;
			files = (
			);
			runOnlyForDeploymentPostprocessing = 0;
		};
		276AD26F2D4103D400001426 /* Resources */ = {
			isa = PBXResourcesBuildPhase;
			buildActionMask = 2147483647;
			files = (
			);
			runOnlyForDeploymentPostprocessing = 0;
		};
/* End PBXResourcesBuildPhase section */

/* Begin PBXSourcesBuildPhase section */
		276AD2512D4103D200001426 /* Sources */ = {
			isa = PBXSourcesBuildPhase;
			buildActionMask = 2147483647;
			files = (
			);
			runOnlyForDeploymentPostprocessing = 0;
		};
		276AD2632D4103D400001426 /* Sources */ = {
			isa = PBXSourcesBuildPhase;
			buildActionMask = 2147483647;
			files = (
			);
			runOnlyForDeploymentPostprocessing = 0;
		};
		276AD26D2D4103D400001426 /* Sources */ = {
			isa = PBXSourcesBuildPhase;
			buildActionMask = 2147483647;
			files = (
			);
			runOnlyForDeploymentPostprocessing = 0;
		};
/* End PBXSourcesBuildPhase section */

/* Begin PBXTargetDependency section */
		276AD2692D4103D400001426 /* PBXTargetDependency */ = {
			isa = PBXTargetDependency;
			target = 276AD2542D4103D200001426 /* ParrotIos */;
			targetProxy = 276AD2682D4103D400001426 /* PBXContainerItemProxy */;
		};
		276AD2732D4103D400001426 /* PBXTargetDependency */ = {
			isa = PBXTargetDependency;
			target = 276AD2542D4103D200001426 /* ParrotIos */;
			targetProxy = 276AD2722D4103D400001426 /* PBXContainerItemProxy */;
		};
/* End PBXTargetDependency section */

/* Begin XCBuildConfiguration section */
		276AD2792D4103D400001426 /* Debug */ = {
			isa = XCBuildConfiguration;
			baseConfigurationReference = B0A6E5472D54EF4100DB2DDE /* dev.xcconfig */;
			buildSettings = {
				ALWAYS_SEARCH_USER_PATHS = NO;
				ASSETCATALOG_COMPILER_GENERATE_SWIFT_ASSET_SYMBOL_EXTENSIONS = YES;
				CLANG_ANALYZER_NONNULL = YES;
				CLANG_ANALYZER_NUMBER_OBJECT_CONVERSION = YES_AGGRESSIVE;
				CLANG_CXX_LANGUAGE_STANDARD = "gnu++20";
				CLANG_ENABLE_MODULES = YES;
				CLANG_ENABLE_OBJC_ARC = YES;
				CLANG_ENABLE_OBJC_WEAK = YES;
				CLANG_WARN_BLOCK_CAPTURE_AUTORELEASING = YES;
				CLANG_WARN_BOOL_CONVERSION = YES;
				CLANG_WARN_COMMA = YES;
				CLANG_WARN_CONSTANT_CONVERSION = YES;
				CLANG_WARN_DEPRECATED_OBJC_IMPLEMENTATIONS = YES;
				CLANG_WARN_DIRECT_OBJC_ISA_USAGE = YES_ERROR;
				CLANG_WARN_DOCUMENTATION_COMMENTS = YES;
				CLANG_WARN_EMPTY_BODY = YES;
				CLANG_WARN_ENUM_CONVERSION = YES;
				CLANG_WARN_INFINITE_RECURSION = YES;
				CLANG_WARN_INT_CONVERSION = YES;
				CLANG_WARN_NON_LITERAL_NULL_CONVERSION = YES;
				CLANG_WARN_OBJC_IMPLICIT_RETAIN_SELF = YES;
				CLANG_WARN_OBJC_LITERAL_CONVERSION = YES;
				CLANG_WARN_OBJC_ROOT_CLASS = YES_ERROR;
				CLANG_WARN_QUOTED_INCLUDE_IN_FRAMEWORK_HEADER = YES;
				CLANG_WARN_RANGE_LOOP_ANALYSIS = YES;
				CLANG_WARN_STRICT_PROTOTYPES = YES;
				CLANG_WARN_SUSPICIOUS_MOVE = YES;
				CLANG_WARN_UNGUARDED_AVAILABILITY = YES_AGGRESSIVE;
				CLANG_WARN_UNREACHABLE_CODE = YES;
				CLANG_WARN__DUPLICATE_METHOD_MATCH = YES;
				COPY_PHASE_STRIP = NO;
				DEBUG_INFORMATION_FORMAT = dwarf;
				ENABLE_STRICT_OBJC_MSGSEND = YES;
				ENABLE_TESTABILITY = YES;
				ENABLE_USER_SCRIPT_SANDBOXING = YES;
				GCC_C_LANGUAGE_STANDARD = gnu17;
				GCC_DYNAMIC_NO_PIC = NO;
				GCC_NO_COMMON_BLOCKS = YES;
				GCC_OPTIMIZATION_LEVEL = 0;
				GCC_PREPROCESSOR_DEFINITIONS = (
					"DEBUG=1",
					"$(inherited)",
				);
				GCC_WARN_64_TO_32_BIT_CONVERSION = YES;
				GCC_WARN_ABOUT_RETURN_TYPE = YES_ERROR;
				GCC_WARN_UNDECLARED_SELECTOR = YES;
				GCC_WARN_UNINITIALIZED_AUTOS = YES_AGGRESSIVE;
				GCC_WARN_UNUSED_FUNCTION = YES;
				GCC_WARN_UNUSED_VARIABLE = YES;
				IPHONEOS_DEPLOYMENT_TARGET = 18.0;
				LOCALIZATION_PREFERS_STRING_CATALOGS = YES;
				MTL_ENABLE_DEBUG_INFO = INCLUDE_SOURCE;
				MTL_FAST_MATH = YES;
				ONLY_ACTIVE_ARCH = YES;
				SDKROOT = iphoneos;
				SWIFT_ACTIVE_COMPILATION_CONDITIONS = "DEBUG $(inherited)";
				SWIFT_OPTIMIZATION_LEVEL = "-Onone";
			};
			name = Debug;
		};
		276AD27A2D4103D400001426 /* Release */ = {
			isa = XCBuildConfiguration;
			baseConfigurationReference = B0A6E5492D54EF4A00DB2DDE /* prod.xcconfig */;
			buildSettings = {
				ALWAYS_SEARCH_USER_PATHS = NO;
				ASSETCATALOG_COMPILER_GENERATE_SWIFT_ASSET_SYMBOL_EXTENSIONS = YES;
				CLANG_ANALYZER_NONNULL = YES;
				CLANG_ANALYZER_NUMBER_OBJECT_CONVERSION = YES_AGGRESSIVE;
				CLANG_CXX_LANGUAGE_STANDARD = "gnu++20";
				CLANG_ENABLE_MODULES = YES;
				CLANG_ENABLE_OBJC_ARC = YES;
				CLANG_ENABLE_OBJC_WEAK = YES;
				CLANG_WARN_BLOCK_CAPTURE_AUTORELEASING = YES;
				CLANG_WARN_BOOL_CONVERSION = YES;
				CLANG_WARN_COMMA = YES;
				CLANG_WARN_CONSTANT_CONVERSION = YES;
				CLANG_WARN_DEPRECATED_OBJC_IMPLEMENTATIONS = YES;
				CLANG_WARN_DIRECT_OBJC_ISA_USAGE = YES_ERROR;
				CLANG_WARN_DOCUMENTATION_COMMENTS = YES;
				CLANG_WARN_EMPTY_BODY = YES;
				CLANG_WARN_ENUM_CONVERSION = YES;
				CLANG_WARN_INFINITE_RECURSION = YES;
				CLANG_WARN_INT_CONVERSION = YES;
				CLANG_WARN_NON_LITERAL_NULL_CONVERSION = YES;
				CLANG_WARN_OBJC_IMPLICIT_RETAIN_SELF = YES;
				CLANG_WARN_OBJC_LITERAL_CONVERSION = YES;
				CLANG_WARN_OBJC_ROOT_CLASS = YES_ERROR;
				CLANG_WARN_QUOTED_INCLUDE_IN_FRAMEWORK_HEADER = YES;
				CLANG_WARN_RANGE_LOOP_ANALYSIS = YES;
				CLANG_WARN_STRICT_PROTOTYPES = YES;
				CLANG_WARN_SUSPICIOUS_MOVE = YES;
				CLANG_WARN_UNGUARDED_AVAILABILITY = YES_AGGRESSIVE;
				CLANG_WARN_UNREACHABLE_CODE = YES;
				CLANG_WARN__DUPLICATE_METHOD_MATCH = YES;
				COPY_PHASE_STRIP = NO;
				DEBUG_INFORMATION_FORMAT = "dwarf-with-dsym";
				ENABLE_NS_ASSERTIONS = NO;
				ENABLE_STRICT_OBJC_MSGSEND = YES;
				ENABLE_USER_SCRIPT_SANDBOXING = YES;
				GCC_C_LANGUAGE_STANDARD = gnu17;
				GCC_NO_COMMON_BLOCKS = YES;
				GCC_WARN_64_TO_32_BIT_CONVERSION = YES;
				GCC_WARN_ABOUT_RETURN_TYPE = YES_ERROR;
				GCC_WARN_UNDECLARED_SELECTOR = YES;
				GCC_WARN_UNINITIALIZED_AUTOS = YES_AGGRESSIVE;
				GCC_WARN_UNUSED_FUNCTION = YES;
				GCC_WARN_UNUSED_VARIABLE = YES;
				IPHONEOS_DEPLOYMENT_TARGET = 18.0;
				LOCALIZATION_PREFERS_STRING_CATALOGS = YES;
				MTL_ENABLE_DEBUG_INFO = NO;
				MTL_FAST_MATH = YES;
				ONLY_ACTIVE_ARCH = NO;
				SDKROOT = iphoneos;
				SWIFT_COMPILATION_MODE = wholemodule;
				VALIDATE_PRODUCT = YES;
			};
			name = Release;
		};
		276AD27C2D4103D400001426 /* Debug */ = {
			isa = XCBuildConfiguration;
			baseConfigurationReference = B0A6E5472D54EF4100DB2DDE /* dev.xcconfig */;
			buildSettings = {
				ASSETCATALOG_COMPILER_APPICON_NAME = AppIcon;
				ASSETCATALOG_COMPILER_GLOBAL_ACCENT_COLOR_NAME = AccentColor;
				CODE_SIGN_STYLE = Automatic;
				CURRENT_PROJECT_VERSION = 1;
				DEVELOPMENT_ASSET_PATHS = "\"ParrotIos/Preview Content\"";
				DEVELOPMENT_TEAM = "";
				ENABLE_PREVIEWS = YES;
				ENABLE_TESTING_SEARCH_PATHS = YES;
				GENERATE_INFOPLIST_FILE = YES;
				INFOPLIST_FILE = ParrotIos/Info.plist;
				INFOPLIST_KEY_NSMicrophoneUsageDescription = "We need access to the microphone to record audio for this app.";
				INFOPLIST_KEY_UIApplicationSceneManifest_Generation = YES;
				INFOPLIST_KEY_UIApplicationSupportsIndirectInputEvents = YES;
				INFOPLIST_KEY_UILaunchScreen_Generation = YES;
				INFOPLIST_KEY_UISupportedInterfaceOrientations_iPad = "UIInterfaceOrientationPortrait UIInterfaceOrientationPortraitUpsideDown UIInterfaceOrientationLandscapeLeft UIInterfaceOrientationLandscapeRight";
				INFOPLIST_KEY_UISupportedInterfaceOrientations_iPhone = "UIInterfaceOrientationPortrait UIInterfaceOrientationLandscapeLeft UIInterfaceOrientationLandscapeRight";
				LD_RUNPATH_SEARCH_PATHS = (
					"$(inherited)",
					"@executable_path/Frameworks",
				);
				MARKETING_VERSION = 1.0;
				PRODUCT_BUNDLE_IDENTIFIER = "ic-pronunciation-app.frontend-app";
				PRODUCT_NAME = "$(TARGET_NAME)";
				SWIFT_EMIT_LOC_STRINGS = YES;
				SWIFT_VERSION = 5.0;
				TARGETED_DEVICE_FAMILY = "1,2";
			};
			name = Debug;
		};
		276AD27D2D4103D400001426 /* Release */ = {
			isa = XCBuildConfiguration;
			baseConfigurationReference = B0A6E5492D54EF4A00DB2DDE /* prod.xcconfig */;
			buildSettings = {
				ASSETCATALOG_COMPILER_APPICON_NAME = AppIcon;
				ASSETCATALOG_COMPILER_GLOBAL_ACCENT_COLOR_NAME = AccentColor;
				CODE_SIGN_STYLE = Automatic;
				CURRENT_PROJECT_VERSION = 1;
				DEVELOPMENT_ASSET_PATHS = "\"ParrotIos/Preview Content\"";
				DEVELOPMENT_TEAM = "";
				ENABLE_PREVIEWS = YES;
				ENABLE_TESTING_SEARCH_PATHS = YES;
				GENERATE_INFOPLIST_FILE = YES;
				INFOPLIST_FILE = ParrotIos/Info.plist;
				INFOPLIST_KEY_NSMicrophoneUsageDescription = "We need access to the microphone to record audio for this app.";
				INFOPLIST_KEY_UIApplicationSceneManifest_Generation = YES;
				INFOPLIST_KEY_UIApplicationSupportsIndirectInputEvents = YES;
				INFOPLIST_KEY_UILaunchScreen_Generation = YES;
				INFOPLIST_KEY_UISupportedInterfaceOrientations_iPad = "UIInterfaceOrientationPortrait UIInterfaceOrientationPortraitUpsideDown UIInterfaceOrientationLandscapeLeft UIInterfaceOrientationLandscapeRight";
				INFOPLIST_KEY_UISupportedInterfaceOrientations_iPhone = "UIInterfaceOrientationPortrait UIInterfaceOrientationLandscapeLeft UIInterfaceOrientationLandscapeRight";
				LD_RUNPATH_SEARCH_PATHS = (
					"$(inherited)",
					"@executable_path/Frameworks",
				);
				MARKETING_VERSION = 1.0;
				PRODUCT_BUNDLE_IDENTIFIER = "ic-pronunciation-app.frontend-app";
				PRODUCT_NAME = "$(TARGET_NAME)";
				SWIFT_EMIT_LOC_STRINGS = YES;
				SWIFT_VERSION = 5.0;
				TARGETED_DEVICE_FAMILY = "1,2";
			};
			name = Release;
		};
		276AD27F2D4103D400001426 /* Debug */ = {
			isa = XCBuildConfiguration;
			buildSettings = {
				BUNDLE_LOADER = "$(TEST_HOST)";
				CODE_SIGN_STYLE = Automatic;
				CURRENT_PROJECT_VERSION = 1;
				GENERATE_INFOPLIST_FILE = YES;
				IPHONEOS_DEPLOYMENT_TARGET = 18.0;
				MARKETING_VERSION = 1.0;
				PRODUCT_BUNDLE_IDENTIFIER = "imperial-segp.ParrotIosTests";
				PRODUCT_NAME = "$(TARGET_NAME)";
				SWIFT_EMIT_LOC_STRINGS = NO;
				SWIFT_VERSION = 5.0;
				TARGETED_DEVICE_FAMILY = "1,2";
				TEST_HOST = "$(BUILT_PRODUCTS_DIR)/ParrotIos.app/$(BUNDLE_EXECUTABLE_FOLDER_PATH)/ParrotIos";
			};
			name = Debug;
		};
		276AD2802D4103D400001426 /* Release */ = {
			isa = XCBuildConfiguration;
			buildSettings = {
				BUNDLE_LOADER = "$(TEST_HOST)";
				CODE_SIGN_STYLE = Automatic;
				CURRENT_PROJECT_VERSION = 1;
				GENERATE_INFOPLIST_FILE = YES;
				IPHONEOS_DEPLOYMENT_TARGET = 18.0;
				MARKETING_VERSION = 1.0;
				PRODUCT_BUNDLE_IDENTIFIER = "imperial-segp.ParrotIosTests";
				PRODUCT_NAME = "$(TARGET_NAME)";
				SWIFT_EMIT_LOC_STRINGS = NO;
				SWIFT_VERSION = 5.0;
				TARGETED_DEVICE_FAMILY = "1,2";
				TEST_HOST = "$(BUILT_PRODUCTS_DIR)/ParrotIos.app/$(BUNDLE_EXECUTABLE_FOLDER_PATH)/ParrotIos";
			};
			name = Release;
		};
		276AD2822D4103D400001426 /* Debug */ = {
			isa = XCBuildConfiguration;
			buildSettings = {
				CODE_SIGN_STYLE = Automatic;
				CURRENT_PROJECT_VERSION = 1;
				GENERATE_INFOPLIST_FILE = YES;
				MARKETING_VERSION = 1.0;
				PRODUCT_BUNDLE_IDENTIFIER = "imperial-segp.ParrotIosUITests";
				PRODUCT_NAME = "$(TARGET_NAME)";
				SWIFT_EMIT_LOC_STRINGS = NO;
				SWIFT_VERSION = 5.0;
				TARGETED_DEVICE_FAMILY = "1,2";
				TEST_TARGET_NAME = ParrotIos;
			};
			name = Debug;
		};
		276AD2832D4103D400001426 /* Release */ = {
			isa = XCBuildConfiguration;
			buildSettings = {
				CODE_SIGN_STYLE = Automatic;
				CURRENT_PROJECT_VERSION = 1;
				GENERATE_INFOPLIST_FILE = YES;
				MARKETING_VERSION = 1.0;
				PRODUCT_BUNDLE_IDENTIFIER = "imperial-segp.ParrotIosUITests";
				PRODUCT_NAME = "$(TARGET_NAME)";
				SWIFT_EMIT_LOC_STRINGS = NO;
				SWIFT_VERSION = 5.0;
				TARGETED_DEVICE_FAMILY = "1,2";
				TEST_TARGET_NAME = ParrotIos;
			};
			name = Release;
		};
/* End XCBuildConfiguration section */

/* Begin XCConfigurationList section */
		276AD2502D4103D200001426 /* Build configuration list for PBXProject "ParrotIos" */ = {
			isa = XCConfigurationList;
			buildConfigurations = (
				276AD2792D4103D400001426 /* Debug */,
				276AD27A2D4103D400001426 /* Release */,
			);
			defaultConfigurationIsVisible = 0;
			defaultConfigurationName = Release;
		};
		276AD27B2D4103D400001426 /* Build configuration list for PBXNativeTarget "ParrotIos" */ = {
			isa = XCConfigurationList;
			buildConfigurations = (
				276AD27C2D4103D400001426 /* Debug */,
				276AD27D2D4103D400001426 /* Release */,
			);
			defaultConfigurationIsVisible = 0;
			defaultConfigurationName = Release;
		};
		276AD27E2D4103D400001426 /* Build configuration list for PBXNativeTarget "ParrotIosTests" */ = {
			isa = XCConfigurationList;
			buildConfigurations = (
				276AD27F2D4103D400001426 /* Debug */,
				276AD2802D4103D400001426 /* Release */,
			);
			defaultConfigurationIsVisible = 0;
			defaultConfigurationName = Release;
		};
		276AD2812D4103D400001426 /* Build configuration list for PBXNativeTarget "ParrotIosUITests" */ = {
			isa = XCConfigurationList;
			buildConfigurations = (
				276AD2822D4103D400001426 /* Debug */,
				276AD2832D4103D400001426 /* Release */,
			);
			defaultConfigurationIsVisible = 0;
			defaultConfigurationName = Release;
		};
/* End XCConfigurationList section */
	};
	rootObject = 276AD24D2D4103D200001426 /* Project object */;
}
